// !$*UTF8*$!
{
	archiveVersion = 1;
	classes = {
	};
	objectVersion = 56;
	objects = {

/* Begin PBXBuildFile section */
		465F466B2A5068F6007FF9AA /* SF6FrameDataApp.swift in Sources */ = {isa = PBXBuildFile; fileRef = 465F466A2A5068F6007FF9AA /* SF6FrameDataApp.swift */; };
		465F466F2A5068F7007FF9AA /* Assets.xcassets in Resources */ = {isa = PBXBuildFile; fileRef = 465F466E2A5068F7007FF9AA /* Assets.xcassets */; };
		465F46722A5068F7007FF9AA /* Preview Assets.xcassets in Resources */ = {isa = PBXBuildFile; fileRef = 465F46712A5068F7007FF9AA /* Preview Assets.xcassets */; };
		465F46792A50692F007FF9AA /* CharactersView.swift in Sources */ = {isa = PBXBuildFile; fileRef = 465F46782A50692F007FF9AA /* CharactersView.swift */; };
		465F467B2A506C3F007FF9AA /* NormalMovesFrameDataView.swift in Sources */ = {isa = PBXBuildFile; fileRef = 465F467A2A506C3F007FF9AA /* NormalMovesFrameDataView.swift */; };
		465F46802A506E6B007FF9AA /* Character.swift in Sources */ = {isa = PBXBuildFile; fileRef = 465F467F2A506E6B007FF9AA /* Character.swift */; };
		46B3D7FF2A55BB84009A1A92 /* CharacterFrameDataViewModel.swift in Sources */ = {isa = PBXBuildFile; fileRef = 46B3D7FE2A55BB84009A1A92 /* CharacterFrameDataViewModel.swift */; };
		46B3D8032A55D0FB009A1A92 /* ColumnTitleView.swift in Sources */ = {isa = PBXBuildFile; fileRef = 46B3D8022A55D0FB009A1A92 /* ColumnTitleView.swift */; };
		46B3D8072A5733D7009A1A92 /* SelectTypeFrameDataView.swift in Sources */ = {isa = PBXBuildFile; fileRef = 46B3D8062A5733D7009A1A92 /* SelectTypeFrameDataView.swift */; };
		46B3D8092A573970009A1A92 /* SelectTypeFrameDataViewModel.swift in Sources */ = {isa = PBXBuildFile; fileRef = 46B3D8082A573970009A1A92 /* SelectTypeFrameDataViewModel.swift */; };
		46B3D80B2A574D12009A1A92 /* SpecialMovesFrameDataView.swift in Sources */ = {isa = PBXBuildFile; fileRef = 46B3D80A2A574D12009A1A92 /* SpecialMovesFrameDataView.swift */; };
		46B3D80D2A575E8C009A1A92 /* ThrowDriveMovesFrameDataView.swift in Sources */ = {isa = PBXBuildFile; fileRef = 46B3D80C2A575E8C009A1A92 /* ThrowDriveMovesFrameDataView.swift */; };
		46B3D80F2A5855FE009A1A92 /* ExtraInfo.swift in Sources */ = {isa = PBXBuildFile; fileRef = 46B3D80E2A5855FE009A1A92 /* ExtraInfo.swift */; };
		46B3D8112A586B91009A1A92 /* ExtraInfoView.swift in Sources */ = {isa = PBXBuildFile; fileRef = 46B3D8102A586B91009A1A92 /* ExtraInfoView.swift */; };
		46B3D8132A58756C009A1A92 /* ExtraInfoViewModel.swift in Sources */ = {isa = PBXBuildFile; fileRef = 46B3D8122A58756C009A1A92 /* ExtraInfoViewModel.swift */; };
		46BD47792A660ACC00DC7066 /* FrameDataSheetView.swift in Sources */ = {isa = PBXBuildFile; fileRef = 46BD47782A660ACC00DC7066 /* FrameDataSheetView.swift */; };
		46BD477B2A661C7900DC7066 /* NotesView.swift in Sources */ = {isa = PBXBuildFile; fileRef = 46BD477A2A661C7900DC7066 /* NotesView.swift */; };
		46BD477D2A66C99500DC7066 /* MailView.swift in Sources */ = {isa = PBXBuildFile; fileRef = 46BD477C2A66C99500DC7066 /* MailView.swift */; };
		46BD47812A66E59800DC7066 /* BugReportButtonView.swift in Sources */ = {isa = PBXBuildFile; fileRef = 46BD47802A66E59800DC7066 /* BugReportButtonView.swift */; };
		46BD47832A66F72B00DC7066 /* ExtraInfoItemView.swift in Sources */ = {isa = PBXBuildFile; fileRef = 46BD47822A66F72B00DC7066 /* ExtraInfoItemView.swift */; };
		46BD47852A6701EE00DC7066 /* AppKonstants.swift in Sources */ = {isa = PBXBuildFile; fileRef = 46BD47842A6701EE00DC7066 /* AppKonstants.swift */; };
/* End PBXBuildFile section */

/* Begin PBXFileReference section */
		465F46672A5068F6007FF9AA /* SF6FrameData.app */ = {isa = PBXFileReference; explicitFileType = wrapper.application; includeInIndex = 0; path = SF6FrameData.app; sourceTree = BUILT_PRODUCTS_DIR; };
		465F466A2A5068F6007FF9AA /* SF6FrameDataApp.swift */ = {isa = PBXFileReference; lastKnownFileType = sourcecode.swift; path = SF6FrameDataApp.swift; sourceTree = "<group>"; };
		465F466E2A5068F7007FF9AA /* Assets.xcassets */ = {isa = PBXFileReference; lastKnownFileType = folder.assetcatalog; path = Assets.xcassets; sourceTree = "<group>"; };
		465F46712A5068F7007FF9AA /* Preview Assets.xcassets */ = {isa = PBXFileReference; lastKnownFileType = folder.assetcatalog; path = "Preview Assets.xcassets"; sourceTree = "<group>"; };
		465F46782A50692F007FF9AA /* CharactersView.swift */ = {isa = PBXFileReference; lastKnownFileType = sourcecode.swift; path = CharactersView.swift; sourceTree = "<group>"; };
		465F467A2A506C3F007FF9AA /* NormalMovesFrameDataView.swift */ = {isa = PBXFileReference; lastKnownFileType = sourcecode.swift; path = NormalMovesFrameDataView.swift; sourceTree = "<group>"; };
		465F467F2A506E6B007FF9AA /* Character.swift */ = {isa = PBXFileReference; lastKnownFileType = sourcecode.swift; path = Character.swift; sourceTree = "<group>"; };
		46B3D7FE2A55BB84009A1A92 /* CharacterFrameDataViewModel.swift */ = {isa = PBXFileReference; lastKnownFileType = sourcecode.swift; path = CharacterFrameDataViewModel.swift; sourceTree = "<group>"; };
		46B3D8022A55D0FB009A1A92 /* ColumnTitleView.swift */ = {isa = PBXFileReference; lastKnownFileType = sourcecode.swift; path = ColumnTitleView.swift; sourceTree = "<group>"; };
		46B3D8062A5733D7009A1A92 /* SelectTypeFrameDataView.swift */ = {isa = PBXFileReference; lastKnownFileType = sourcecode.swift; path = SelectTypeFrameDataView.swift; sourceTree = "<group>"; };
		46B3D8082A573970009A1A92 /* SelectTypeFrameDataViewModel.swift */ = {isa = PBXFileReference; lastKnownFileType = sourcecode.swift; path = SelectTypeFrameDataViewModel.swift; sourceTree = "<group>"; };
		46B3D80A2A574D12009A1A92 /* SpecialMovesFrameDataView.swift */ = {isa = PBXFileReference; lastKnownFileType = sourcecode.swift; path = SpecialMovesFrameDataView.swift; sourceTree = "<group>"; };
		46B3D80C2A575E8C009A1A92 /* ThrowDriveMovesFrameDataView.swift */ = {isa = PBXFileReference; lastKnownFileType = sourcecode.swift; path = ThrowDriveMovesFrameDataView.swift; sourceTree = "<group>"; };
		46B3D80E2A5855FE009A1A92 /* ExtraInfo.swift */ = {isa = PBXFileReference; lastKnownFileType = sourcecode.swift; path = ExtraInfo.swift; sourceTree = "<group>"; };
		46B3D8102A586B91009A1A92 /* ExtraInfoView.swift */ = {isa = PBXFileReference; lastKnownFileType = sourcecode.swift; path = ExtraInfoView.swift; sourceTree = "<group>"; };
		46B3D8122A58756C009A1A92 /* ExtraInfoViewModel.swift */ = {isa = PBXFileReference; lastKnownFileType = sourcecode.swift; path = ExtraInfoViewModel.swift; sourceTree = "<group>"; };
		46BD47782A660ACC00DC7066 /* FrameDataSheetView.swift */ = {isa = PBXFileReference; lastKnownFileType = sourcecode.swift; path = FrameDataSheetView.swift; sourceTree = "<group>"; };
		46BD477A2A661C7900DC7066 /* NotesView.swift */ = {isa = PBXFileReference; lastKnownFileType = sourcecode.swift; path = NotesView.swift; sourceTree = "<group>"; };
		46BD477C2A66C99500DC7066 /* MailView.swift */ = {isa = PBXFileReference; lastKnownFileType = sourcecode.swift; path = MailView.swift; sourceTree = "<group>"; };
		46BD47802A66E59800DC7066 /* BugReportButtonView.swift */ = {isa = PBXFileReference; lastKnownFileType = sourcecode.swift; path = BugReportButtonView.swift; sourceTree = "<group>"; };
		46BD47822A66F72B00DC7066 /* ExtraInfoItemView.swift */ = {isa = PBXFileReference; lastKnownFileType = sourcecode.swift; path = ExtraInfoItemView.swift; sourceTree = "<group>"; };
		46BD47842A6701EE00DC7066 /* AppKonstants.swift */ = {isa = PBXFileReference; lastKnownFileType = sourcecode.swift; path = AppKonstants.swift; sourceTree = "<group>"; };
/* End PBXFileReference section */

/* Begin PBXFrameworksBuildPhase section */
		465F46642A5068F6007FF9AA /* Frameworks */ = {
			isa = PBXFrameworksBuildPhase;
			buildActionMask = 2147483647;
			files = (
			);
			runOnlyForDeploymentPostprocessing = 0;
		};
/* End PBXFrameworksBuildPhase section */

/* Begin PBXGroup section */
		465F465E2A5068F6007FF9AA = {
			isa = PBXGroup;
			children = (
				465F46692A5068F6007FF9AA /* SF6FrameData */,
				465F46682A5068F6007FF9AA /* Products */,
			);
			sourceTree = "<group>";
		};
		465F46682A5068F6007FF9AA /* Products */ = {
			isa = PBXGroup;
			children = (
				465F46672A5068F6007FF9AA /* SF6FrameData.app */,
			);
			name = Products;
			sourceTree = "<group>";
		};
		465F46692A5068F6007FF9AA /* SF6FrameData */ = {
			isa = PBXGroup;
			children = (
				465F466A2A5068F6007FF9AA /* SF6FrameDataApp.swift */,
				465F466E2A5068F7007FF9AA /* Assets.xcassets */,
				465F46702A5068F7007FF9AA /* Preview Content */,
				465F467E2A506E5A007FF9AA /* ViewModels */,
				465F467D2A506E47007FF9AA /* Models */,
				465F467C2A506E20007FF9AA /* Views */,
				46BD47862A67093A00DC7066 /* Utils */,
			);
			path = SF6FrameData;
			sourceTree = "<group>";
		};
		465F46702A5068F7007FF9AA /* Preview Content */ = {
			isa = PBXGroup;
			children = (
				465F46712A5068F7007FF9AA /* Preview Assets.xcassets */,
			);
			path = "Preview Content";
			sourceTree = "<group>";
		};
		465F467C2A506E20007FF9AA /* Views */ = {
			isa = PBXGroup;
			children = (
				465F46782A50692F007FF9AA /* CharactersView.swift */,
				465F467A2A506C3F007FF9AA /* NormalMovesFrameDataView.swift */,
				46B3D8022A55D0FB009A1A92 /* ColumnTitleView.swift */,
				46B3D8062A5733D7009A1A92 /* SelectTypeFrameDataView.swift */,
				46B3D80A2A574D12009A1A92 /* SpecialMovesFrameDataView.swift */,
				46B3D80C2A575E8C009A1A92 /* ThrowDriveMovesFrameDataView.swift */,
				46B3D8102A586B91009A1A92 /* ExtraInfoView.swift */,
				46BD47782A660ACC00DC7066 /* FrameDataSheetView.swift */,
				46BD477A2A661C7900DC7066 /* NotesView.swift */,
				46BD477C2A66C99500DC7066 /* MailView.swift */,
				46BD47802A66E59800DC7066 /* BugReportButtonView.swift */,
				46BD47822A66F72B00DC7066 /* ExtraInfoItemView.swift */,
			);
			path = Views;
			sourceTree = "<group>";
		};
		465F467D2A506E47007FF9AA /* Models */ = {
			isa = PBXGroup;
			children = (
				465F467F2A506E6B007FF9AA /* Character.swift */,
				46B3D80E2A5855FE009A1A92 /* ExtraInfo.swift */,
			);
			path = Models;
			sourceTree = "<group>";
		};
		465F467E2A506E5A007FF9AA /* ViewModels */ = {
			isa = PBXGroup;
			children = (
				46B3D7FE2A55BB84009A1A92 /* CharacterFrameDataViewModel.swift */,
				46B3D8082A573970009A1A92 /* SelectTypeFrameDataViewModel.swift */,
				46B3D8122A58756C009A1A92 /* ExtraInfoViewModel.swift */,
			);
			path = ViewModels;
			sourceTree = "<group>";
		};
		46BD47862A67093A00DC7066 /* Utils */ = {
			isa = PBXGroup;
			children = (
				46BD47842A6701EE00DC7066 /* AppKonstants.swift */,
			);
			path = Utils;
			sourceTree = "<group>";
		};
/* End PBXGroup section */

/* Begin PBXNativeTarget section */
		465F46662A5068F6007FF9AA /* SF6FrameData */ = {
			isa = PBXNativeTarget;
			buildConfigurationList = 465F46752A5068F7007FF9AA /* Build configuration list for PBXNativeTarget "SF6FrameData" */;
			buildPhases = (
				465F46632A5068F6007FF9AA /* Sources */,
				465F46642A5068F6007FF9AA /* Frameworks */,
				465F46652A5068F6007FF9AA /* Resources */,
			);
			buildRules = (
			);
			dependencies = (
			);
			name = SF6FrameData;
			productName = SF6FrameData;
			productReference = 465F46672A5068F6007FF9AA /* SF6FrameData.app */;
			productType = "com.apple.product-type.application";
		};
/* End PBXNativeTarget section */

/* Begin PBXProject section */
		465F465F2A5068F6007FF9AA /* Project object */ = {
			isa = PBXProject;
			attributes = {
				BuildIndependentTargetsInParallel = 1;
				LastSwiftUpdateCheck = 1430;
				LastUpgradeCheck = 1430;
				TargetAttributes = {
					465F46662A5068F6007FF9AA = {
						CreatedOnToolsVersion = 14.3.1;
					};
				};
			};
			buildConfigurationList = 465F46622A5068F6007FF9AA /* Build configuration list for PBXProject "SF6FrameData" */;
			compatibilityVersion = "Xcode 14.0";
			developmentRegion = en;
			hasScannedForEncodings = 0;
			knownRegions = (
				en,
				Base,
			);
			mainGroup = 465F465E2A5068F6007FF9AA;
			productRefGroup = 465F46682A5068F6007FF9AA /* Products */;
			projectDirPath = "";
			projectRoot = "";
			targets = (
				465F46662A5068F6007FF9AA /* SF6FrameData */,
			);
		};
/* End PBXProject section */

/* Begin PBXResourcesBuildPhase section */
		465F46652A5068F6007FF9AA /* Resources */ = {
			isa = PBXResourcesBuildPhase;
			buildActionMask = 2147483647;
			files = (
				465F46722A5068F7007FF9AA /* Preview Assets.xcassets in Resources */,
				465F466F2A5068F7007FF9AA /* Assets.xcassets in Resources */,
			);
			runOnlyForDeploymentPostprocessing = 0;
		};
/* End PBXResourcesBuildPhase section */

/* Begin PBXSourcesBuildPhase section */
		465F46632A5068F6007FF9AA /* Sources */ = {
			isa = PBXSourcesBuildPhase;
			buildActionMask = 2147483647;
			files = (
				46BD47852A6701EE00DC7066 /* AppKonstants.swift in Sources */,
				46B3D8092A573970009A1A92 /* SelectTypeFrameDataViewModel.swift in Sources */,
				46B3D80B2A574D12009A1A92 /* SpecialMovesFrameDataView.swift in Sources */,
				46B3D8032A55D0FB009A1A92 /* ColumnTitleView.swift in Sources */,
				465F467B2A506C3F007FF9AA /* NormalMovesFrameDataView.swift in Sources */,
				465F46802A506E6B007FF9AA /* Character.swift in Sources */,
				46BD47792A660ACC00DC7066 /* FrameDataSheetView.swift in Sources */,
				46BD477B2A661C7900DC7066 /* NotesView.swift in Sources */,
				46BD477D2A66C99500DC7066 /* MailView.swift in Sources */,
				46BD47832A66F72B00DC7066 /* ExtraInfoItemView.swift in Sources */,
				46B3D8112A586B91009A1A92 /* ExtraInfoView.swift in Sources */,
				46B3D80F2A5855FE009A1A92 /* ExtraInfo.swift in Sources */,
				46B3D80D2A575E8C009A1A92 /* ThrowDriveMovesFrameDataView.swift in Sources */,
				465F466B2A5068F6007FF9AA /* SF6FrameDataApp.swift in Sources */,
				46B3D8072A5733D7009A1A92 /* SelectTypeFrameDataView.swift in Sources */,
				46BD47812A66E59800DC7066 /* BugReportButtonView.swift in Sources */,
				465F46792A50692F007FF9AA /* CharactersView.swift in Sources */,
				46B3D7FF2A55BB84009A1A92 /* CharacterFrameDataViewModel.swift in Sources */,
				46B3D8132A58756C009A1A92 /* ExtraInfoViewModel.swift in Sources */,
			);
			runOnlyForDeploymentPostprocessing = 0;
		};
/* End PBXSourcesBuildPhase section */

/* Begin XCBuildConfiguration section */
		465F46732A5068F7007FF9AA /* Debug */ = {
			isa = XCBuildConfiguration;
			buildSettings = {
				ALWAYS_SEARCH_USER_PATHS = NO;
				CLANG_ANALYZER_NONNULL = YES;
				CLANG_ANALYZER_NUMBER_OBJECT_CONVERSION = YES_AGGRESSIVE;
				CLANG_CXX_LANGUAGE_STANDARD = "gnu++20";
				CLANG_ENABLE_MODULES = YES;
				CLANG_ENABLE_OBJC_ARC = YES;
				CLANG_ENABLE_OBJC_WEAK = YES;
				CLANG_WARN_BLOCK_CAPTURE_AUTORELEASING = YES;
				CLANG_WARN_BOOL_CONVERSION = YES;
				CLANG_WARN_COMMA = YES;
				CLANG_WARN_CONSTANT_CONVERSION = YES;
				CLANG_WARN_DEPRECATED_OBJC_IMPLEMENTATIONS = YES;
				CLANG_WARN_DIRECT_OBJC_ISA_USAGE = YES_ERROR;
				CLANG_WARN_DOCUMENTATION_COMMENTS = YES;
				CLANG_WARN_EMPTY_BODY = YES;
				CLANG_WARN_ENUM_CONVERSION = YES;
				CLANG_WARN_INFINITE_RECURSION = YES;
				CLANG_WARN_INT_CONVERSION = YES;
				CLANG_WARN_NON_LITERAL_NULL_CONVERSION = YES;
				CLANG_WARN_OBJC_IMPLICIT_RETAIN_SELF = YES;
				CLANG_WARN_OBJC_LITERAL_CONVERSION = YES;
				CLANG_WARN_OBJC_ROOT_CLASS = YES_ERROR;
				CLANG_WARN_QUOTED_INCLUDE_IN_FRAMEWORK_HEADER = YES;
				CLANG_WARN_RANGE_LOOP_ANALYSIS = YES;
				CLANG_WARN_STRICT_PROTOTYPES = YES;
				CLANG_WARN_SUSPICIOUS_MOVE = YES;
				CLANG_WARN_UNGUARDED_AVAILABILITY = YES_AGGRESSIVE;
				CLANG_WARN_UNREACHABLE_CODE = YES;
				CLANG_WARN__DUPLICATE_METHOD_MATCH = YES;
				COPY_PHASE_STRIP = NO;
				DEBUG_INFORMATION_FORMAT = dwarf;
				ENABLE_STRICT_OBJC_MSGSEND = YES;
				ENABLE_TESTABILITY = YES;
				GCC_C_LANGUAGE_STANDARD = gnu11;
				GCC_DYNAMIC_NO_PIC = NO;
				GCC_NO_COMMON_BLOCKS = YES;
				GCC_OPTIMIZATION_LEVEL = 0;
				GCC_PREPROCESSOR_DEFINITIONS = (
					"DEBUG=1",
					"$(inherited)",
				);
				GCC_WARN_64_TO_32_BIT_CONVERSION = YES;
				GCC_WARN_ABOUT_RETURN_TYPE = YES_ERROR;
				GCC_WARN_UNDECLARED_SELECTOR = YES;
				GCC_WARN_UNINITIALIZED_AUTOS = YES_AGGRESSIVE;
				GCC_WARN_UNUSED_FUNCTION = YES;
				GCC_WARN_UNUSED_VARIABLE = YES;
				IPHONEOS_DEPLOYMENT_TARGET = 16.0;
				MTL_ENABLE_DEBUG_INFO = INCLUDE_SOURCE;
				MTL_FAST_MATH = YES;
				ONLY_ACTIVE_ARCH = YES;
				SDKROOT = iphoneos;
				SWIFT_ACTIVE_COMPILATION_CONDITIONS = DEBUG;
				SWIFT_OPTIMIZATION_LEVEL = "-Onone";
			};
			name = Debug;
		};
		465F46742A5068F7007FF9AA /* Release */ = {
			isa = XCBuildConfiguration;
			buildSettings = {
				ALWAYS_SEARCH_USER_PATHS = NO;
				CLANG_ANALYZER_NONNULL = YES;
				CLANG_ANALYZER_NUMBER_OBJECT_CONVERSION = YES_AGGRESSIVE;
				CLANG_CXX_LANGUAGE_STANDARD = "gnu++20";
				CLANG_ENABLE_MODULES = YES;
				CLANG_ENABLE_OBJC_ARC = YES;
				CLANG_ENABLE_OBJC_WEAK = YES;
				CLANG_WARN_BLOCK_CAPTURE_AUTORELEASING = YES;
				CLANG_WARN_BOOL_CONVERSION = YES;
				CLANG_WARN_COMMA = YES;
				CLANG_WARN_CONSTANT_CONVERSION = YES;
				CLANG_WARN_DEPRECATED_OBJC_IMPLEMENTATIONS = YES;
				CLANG_WARN_DIRECT_OBJC_ISA_USAGE = YES_ERROR;
				CLANG_WARN_DOCUMENTATION_COMMENTS = YES;
				CLANG_WARN_EMPTY_BODY = YES;
				CLANG_WARN_ENUM_CONVERSION = YES;
				CLANG_WARN_INFINITE_RECURSION = YES;
				CLANG_WARN_INT_CONVERSION = YES;
				CLANG_WARN_NON_LITERAL_NULL_CONVERSION = YES;
				CLANG_WARN_OBJC_IMPLICIT_RETAIN_SELF = YES;
				CLANG_WARN_OBJC_LITERAL_CONVERSION = YES;
				CLANG_WARN_OBJC_ROOT_CLASS = YES_ERROR;
				CLANG_WARN_QUOTED_INCLUDE_IN_FRAMEWORK_HEADER = YES;
				CLANG_WARN_RANGE_LOOP_ANALYSIS = YES;
				CLANG_WARN_STRICT_PROTOTYPES = YES;
				CLANG_WARN_SUSPICIOUS_MOVE = YES;
				CLANG_WARN_UNGUARDED_AVAILABILITY = YES_AGGRESSIVE;
				CLANG_WARN_UNREACHABLE_CODE = YES;
				CLANG_WARN__DUPLICATE_METHOD_MATCH = YES;
				COPY_PHASE_STRIP = NO;
				DEBUG_INFORMATION_FORMAT = "dwarf-with-dsym";
				ENABLE_NS_ASSERTIONS = NO;
				ENABLE_STRICT_OBJC_MSGSEND = YES;
				GCC_C_LANGUAGE_STANDARD = gnu11;
				GCC_NO_COMMON_BLOCKS = YES;
				GCC_WARN_64_TO_32_BIT_CONVERSION = YES;
				GCC_WARN_ABOUT_RETURN_TYPE = YES_ERROR;
				GCC_WARN_UNDECLARED_SELECTOR = YES;
				GCC_WARN_UNINITIALIZED_AUTOS = YES_AGGRESSIVE;
				GCC_WARN_UNUSED_FUNCTION = YES;
				GCC_WARN_UNUSED_VARIABLE = YES;
				IPHONEOS_DEPLOYMENT_TARGET = 16.0;
				MTL_ENABLE_DEBUG_INFO = NO;
				MTL_FAST_MATH = YES;
				SDKROOT = iphoneos;
				SWIFT_COMPILATION_MODE = wholemodule;
				SWIFT_OPTIMIZATION_LEVEL = "-O";
				VALIDATE_PRODUCT = YES;
			};
			name = Release;
		};
		465F46762A5068F7007FF9AA /* Debug */ = {
			isa = XCBuildConfiguration;
			buildSettings = {
				ASSETCATALOG_COMPILER_APPICON_NAME = AppIcon;
				ASSETCATALOG_COMPILER_GLOBAL_ACCENT_COLOR_NAME = AccentColor;
				CODE_SIGN_STYLE = Automatic;
				CURRENT_PROJECT_VERSION = 1;
				DEVELOPMENT_ASSET_PATHS = "\"SF6FrameData/Preview Content\"";
				DEVELOPMENT_TEAM = 3XA87D77BQ;
				ENABLE_PREVIEWS = YES;
				GENERATE_INFOPLIST_FILE = YES;
				INFOPLIST_KEY_CFBundleDisplayName = "SF6 FrameData";
				INFOPLIST_KEY_LSApplicationCategoryType = "public.app-category.utilities";
				INFOPLIST_KEY_UIApplicationSceneManifest_Generation = YES;
				INFOPLIST_KEY_UIApplicationSupportsIndirectInputEvents = YES;
				INFOPLIST_KEY_UILaunchScreen_Generation = YES;
				INFOPLIST_KEY_UISupportedInterfaceOrientations_iPad = "UIInterfaceOrientationPortrait UIInterfaceOrientationPortraitUpsideDown UIInterfaceOrientationLandscapeLeft UIInterfaceOrientationLandscapeRight";
				INFOPLIST_KEY_UISupportedInterfaceOrientations_iPhone = "UIInterfaceOrientationPortrait UIInterfaceOrientationLandscapeLeft UIInterfaceOrientationLandscapeRight";
				LD_RUNPATH_SEARCH_PATHS = (
					"$(inherited)",
					"@executable_path/Frameworks",
				);
				MARKETING_VERSION = 0.1.0;
				PRODUCT_BUNDLE_IDENTIFIER = com.rafaelplinio.SF6FrameData;
				PRODUCT_NAME = "$(TARGET_NAME)";
				SWIFT_EMIT_LOC_STRINGS = YES;
				SWIFT_VERSION = 5.0;
				TARGETED_DEVICE_FAMILY = "1,2";
			};
			name = Debug;
		};
		465F46772A5068F7007FF9AA /* Release */ = {
			isa = XCBuildConfiguration;
			buildSettings = {
				ASSETCATALOG_COMPILER_APPICON_NAME = AppIcon;
				ASSETCATALOG_COMPILER_GLOBAL_ACCENT_COLOR_NAME = AccentColor;
				CODE_SIGN_STYLE = Automatic;
				CURRENT_PROJECT_VERSION = 1;
				DEVELOPMENT_ASSET_PATHS = "\"SF6FrameData/Preview Content\"";
				DEVELOPMENT_TEAM = 3XA87D77BQ;
				ENABLE_PREVIEWS = YES;
				GENERATE_INFOPLIST_FILE = YES;
				INFOPLIST_KEY_CFBundleDisplayName = "SF6 FrameData";
				INFOPLIST_KEY_LSApplicationCategoryType = "public.app-category.utilities";
				INFOPLIST_KEY_UIApplicationSceneManifest_Generation = YES;
				INFOPLIST_KEY_UIApplicationSupportsIndirectInputEvents = YES;
				INFOPLIST_KEY_UILaunchScreen_Generation = YES;
				INFOPLIST_KEY_UISupportedInterfaceOrientations_iPad = "UIInterfaceOrientationPortrait UIInterfaceOrientationPortraitUpsideDown UIInterfaceOrientationLandscapeLeft UIInterfaceOrientationLandscapeRight";
				INFOPLIST_KEY_UISupportedInterfaceOrientations_iPhone = "UIInterfaceOrientationPortrait UIInterfaceOrientationLandscapeLeft UIInterfaceOrientationLandscapeRight";
				LD_RUNPATH_SEARCH_PATHS = (
					"$(inherited)",
					"@executable_path/Frameworks",
				);
				MARKETING_VERSION = 0.1.0;
				PRODUCT_BUNDLE_IDENTIFIER = com.rafaelplinio.SF6FrameData;
				PRODUCT_NAME = "$(TARGET_NAME)";
				SWIFT_EMIT_LOC_STRINGS = YES;
				SWIFT_VERSION = 5.0;
				TARGETED_DEVICE_FAMILY = "1,2";
			};
			name = Release;
		};
/* End XCBuildConfiguration section */

/* Begin XCConfigurationList section */
		465F46622A5068F6007FF9AA /* Build configuration list for PBXProject "SF6FrameData" */ = {
			isa = XCConfigurationList;
			buildConfigurations = (
				465F46732A5068F7007FF9AA /* Debug */,
				465F46742A5068F7007FF9AA /* Release */,
			);
			defaultConfigurationIsVisible = 0;
			defaultConfigurationName = Release;
		};
		465F46752A5068F7007FF9AA /* Build configuration list for PBXNativeTarget "SF6FrameData" */ = {
			isa = XCConfigurationList;
			buildConfigurations = (
				465F46762A5068F7007FF9AA /* Debug */,
				465F46772A5068F7007FF9AA /* Release */,
			);
			defaultConfigurationIsVisible = 0;
			defaultConfigurationName = Release;
		};
/* End XCConfigurationList section */
	};
	rootObject = 465F465F2A5068F6007FF9AA /* Project object */;
}
